
Microsoft Visual Studio Solution File, Format Version 12.00
# Visual Studio Version 17
VisualStudioVersion = 17.14.37314.3 d17.14
MinimumVisualStudioVersion = 10.0.40219.1
Project("{8BC9CEB8-8B4A-11D0-8D11-00A0C91BC942}") = "Engine", "Engine\Engine.vcxproj", "{83F6E638-0A72-4FD2-9DF3-78A56766FCF9}"
EndProject
Project("{8BC9CEB8-8B4A-11D0-8D11-00A0C91BC942}") = "Game", "Game\Game.vcxproj", "{0F11708B-2F10-4732-962E-57498DAA7DDB}"
EndProject
Global
	GlobalSection(SolutionConfigurationPlatforms) = preSolution
		Debug|x64 = Debug|x64
		Debug|x86 = Debug|x86
		Release|x64 = Release|x64
		Release|x86 = Release|x86
	EndGlobalSection
	GlobalSection(ProjectConfigurationPlatforms) = postSolution
		{83F6E638-0A72-4FD2-9DF3-78A56766FCF9}.Debug|x64.ActiveCfg = Debug|x64
		{83F6E638-0A72-4FD2-9DF3-78A56766FCF9}.Debug|x64.Build.0 = Debug|x64
		{83F6E638-0A72-4FD2-9DF3-78A56766FCF9}.Debug|x86.ActiveCfg = Debug|Win32
		{83F6E638-0A72-4FD2-9DF3-78A56766FCF9}.Debug|x86.Build.0 = Debug|Win32
		{83F6E638-0A72-4FD2-9DF3-78A56766FCF9}.Release|x64.ActiveCfg = Release|x64
		{83F6E638-0A72-4FD2-9DF3-78A56766FCF9}.Release|x64.Build.0 = Release|x64
		{83F6E638-0A72-4FD2-9DF3-78A56766FCF9}.Release|x86.ActiveCfg = Release|Win32
		{83F6E638-0A72-4FD2-9DF3-78A56766FCF9}.Release|x86.Build.0 = Release|Win32
		{0F11708B-2F10-4732-962E-57498DAA7DDB}.Debug|x64.ActiveCfg = Debug|x64
		{0F11708B-2F10-4732-962E-57498DAA7DDB}.Debug|x64.Build.0 = Debug|x64
		{0F11708B-2F10-4732-962E-57498DAA7DDB}.Debug|x86.ActiveCfg = Debug|Win32
		{0F11708B-2F10-4732-962E-57498DAA7DDB}.Debug|x86.Build.0 = Debug|Win32
		{0F11708B-2F10-4732-962E-57498DAA7DDB}.Release|x64.ActiveCfg = Release|x64
		{0F11708B-2F10-4732-962E-57498DAA7DDB}.Release|x64.Build.0 = Release|x64
		{0F11708B-2F10-4732-962E-57498DAA7DDB}.Release|x86.ActiveCfg = Release|Win32
		{0F11708B-2F10-4732-962E-57498DAA7DDB}.Release|x86.Build.0 = Release|Win32
	EndGlobalSection
	GlobalSection(SolutionProperties) = preSolution
		HideSolutionNode = FALSE
	EndGlobalSection
	GlobalSection(ExtensibilityGlobals) = postSolution
		SolutionGuid = {CEC8D914-1E46-4A0F-BB05-53480250F80F}
	EndGlobalSection
EndGlobal
